
Microsoft Visual Studio Solution File, Format Version 12.00
# Visual Studio Version 16
VisualStudioVersion = 16.0.31112.23
MinimumVisualStudioVersion = 10.0.40219.1
Project("{9A19103F-16F7-4668-BE54-9A1E7A4F7556}") = "GymManagementSystem", "Gym Management System\GymManagementSystem.csproj", "{AF018E15-B036-4E9A-B2AB-9CDCB079B9D2}"
EndProject
Project("{FAE04EC0-301F-11D3-BF4B-00C04F79EFBC}") = "TestProject", "TestProject\TestProject.csproj", "{BD8C310A-8A75-4592-8916-A2C5FC7A5BCE}"
EndProject
Global
	GlobalSection(SolutionConfigurationPlatforms) = preSolution
		Debug|Any CPU = Debug|Any CPU
		Release|Any CPU = Release|Any CPU
	EndGlobalSection
	GlobalSection(ProjectConfigurationPlatforms) = postSolution
		{AF018E15-B036-4E9A-B2AB-9CDCB079B9D2}.Debug|Any CPU.ActiveCfg = Debug|Any CPU
		{AF018E15-B036-4E9A-B2AB-9CDCB079B9D2}.Debug|Any CPU.Build.0 = Debug|Any CPU
		{AF018E15-B036-4E9A-B2AB-9CDCB079B9D2}.Release|Any CPU.ActiveCfg = Release|Any CPU
		{AF018E15-B036-4E9A-B2AB-9CDCB079B9D2}.Release|Any CPU.Build.0 = Release|Any CPU
		{BD8C310A-8A75-4592-8916-A2C5FC7A5BCE}.Debug|Any CPU.ActiveCfg = Debug|Any CPU
		{BD8C310A-8A75-4592-8916-A2C5FC7A5BCE}.Debug|Any CPU.Build.0 = Debug|Any CPU
		{BD8C310A-8A75-4592-8916-A2C5FC7A5BCE}.Release|Any CPU.ActiveCfg = Release|Any CPU
		{BD8C310A-8A75-4592-8916-A2C5FC7A5BCE}.Release|Any CPU.Build.0 = Release|Any CPU
	EndGlobalSection
	GlobalSection(SolutionProperties) = preSolution
		HideSolutionNode = FALSE
	EndGlobalSection
	GlobalSection(ExtensibilityGlobals) = postSolution
		SolutionGuid = {EBA4874A-54B0-4578-B46B-D9F429C7F9EA}
	EndGlobalSection
EndGlobal
